
Microsoft Visual Studio Solution File, Format Version 12.00
# Visual Studio Version 17
VisualStudioVersion = 17.0.31903.59
MinimumVisualStudioVersion = 10.0.40219.1
Project("{2150E333-8FDC-42A3-9474-1A3956D46DE8}") = "src", "src", "{827E0CD3-B72D-47B6-A68D-7590B98EB39B}"
EndProject
Project("{FAE04EC0-301F-11D3-BF4B-00C04F79EFBC}") = "Hypesoft.Domain", "src\Hypesoft.Domain\Hypesoft.Domain.csproj", "{FBF625D5-86F6-475A-B270-945889C68796}"
EndProject
Project("{FAE04EC0-301F-11D3-BF4B-00C04F79EFBC}") = "Hypesoft.Application", "src\Hypesoft.Application\Hypesoft.Application.csproj", "{A5B0A27B-184C-42B5-8075-07E4FF91B1F7}"
EndProject
Project("{FAE04EC0-301F-11D3-BF4B-00C04F79EFBC}") = "Hypesoft.Infrastructure", "src\Hypesoft.Infrastructure\Hypesoft.Infrastructure.csproj", "{0CD375EF-C269-4867-8DB9-8CBB23F641FA}"
EndProject
Project("{FAE04EC0-301F-11D3-BF4B-00C04F79EFBC}") = "Hypesoft.API", "src\Hypesoft.API\Hypesoft.API.csproj", "{E2900C42-D20C-440A-92BE-37FB2133276A}"
EndProject
Project("{2150E333-8FDC-42A3-9474-1A3956D46DE8}") = "tests", "tests", "{0AB3BF05-4346-4AA6-1389-037BE0695223}"
EndProject
Project("{FAE04EC0-301F-11D3-BF4B-00C04F79EFBC}") = "Hypesoft.Domain.Tests", "tests\Hypesoft.Domain.Tests\Hypesoft.Domain.Tests.csproj", "{79F50E09-4BF4-43E0-868A-24E9468662E4}"
EndProject
Project("{FAE04EC0-301F-11D3-BF4B-00C04F79EFBC}") = "Hypesoft.Application.Tests", "tests\Hypesoft.Application.Tests\Hypesoft.Application.Tests.csproj", "{BFF4E12D-D3E2-4397-AC67-CEBAB56599D5}"
EndProject
Project("{FAE04EC0-301F-11D3-BF4B-00C04F79EFBC}") = "Hypesoft.API.Tests", "tests\Hypesoft.API.Tests\Hypesoft.API.Tests.csproj", "{22F4614A-A1DF-48FF-9E6F-90DA86640D77}"
EndProject
Global
	GlobalSection(SolutionConfigurationPlatforms) = preSolution
		Debug|Any CPU = Debug|Any CPU
		Debug|x64 = Debug|x64
		Debug|x86 = Debug|x86
		Release|Any CPU = Release|Any CPU
		Release|x64 = Release|x64
		Release|x86 = Release|x86
	EndGlobalSection
	GlobalSection(ProjectConfigurationPlatforms) = postSolution
		{FBF625D5-86F6-475A-B270-945889C68796}.Debug|Any CPU.ActiveCfg = Debug|Any CPU
		{FBF625D5-86F6-475A-B270-945889C68796}.Debug|Any CPU.Build.0 = Debug|Any CPU
		{FBF625D5-86F6-475A-B270-945889C68796}.Debug|x64.ActiveCfg = Debug|Any CPU
		{FBF625D5-86F6-475A-B270-945889C68796}.Debug|x64.Build.0 = Debug|Any CPU
		{FBF625D5-86F6-475A-B270-945889C68796}.Debug|x86.ActiveCfg = Debug|Any CPU
		{FBF625D5-86F6-475A-B270-945889C68796}.Debug|x86.Build.0 = Debug|Any CPU
		{FBF625D5-86F6-475A-B270-945889C68796}.Release|Any CPU.ActiveCfg = Release|Any CPU
		{FBF625D5-86F6-475A-B270-945889C68796}.Release|Any CPU.Build.0 = Release|Any CPU
		{FBF625D5-86F6-475A-B270-945889C68796}.Release|x64.ActiveCfg = Release|Any CPU
		{FBF625D5-86F6-475A-B270-945889C68796}.Release|x64.Build.0 = Release|Any CPU
		{FBF625D5-86F6-475A-B270-945889C68796}.Release|x86.ActiveCfg = Release|Any CPU
		{FBF625D5-86F6-475A-B270-945889C68796}.Release|x86.Build.0 = Release|Any CPU
		{A5B0A27B-184C-42B5-8075-07E4FF91B1F7}.Debug|Any CPU.ActiveCfg = Debug|Any CPU
		{A5B0A27B-184C-42B5-8075-07E4FF91B1F7}.Debug|Any CPU.Build.0 = Debug|Any CPU
		{A5B0A27B-184C-42B5-8075-07E4FF91B1F7}.Debug|x64.ActiveCfg = Debug|Any CPU
		{A5B0A27B-184C-42B5-8075-07E4FF91B1F7}.Debug|x64.Build.0 = Debug|Any CPU
		{A5B0A27B-184C-42B5-8075-07E4FF91B1F7}.Debug|x86.ActiveCfg = Debug|Any CPU
		{A5B0A27B-184C-42B5-8075-07E4FF91B1F7}.Debug|x86.Build.0 = Debug|Any CPU
		{A5B0A27B-184C-42B5-8075-07E4FF91B1F7}.Release|Any CPU.ActiveCfg = Release|Any CPU
		{A5B0A27B-184C-42B5-8075-07E4FF91B1F7}.Release|Any CPU.Build.0 = Release|Any CPU
		{A5B0A27B-184C-42B5-8075-07E4FF91B1F7}.Release|x64.ActiveCfg = Release|Any CPU
		{A5B0A27B-184C-42B5-8075-07E4FF91B1F7}.Release|x64.Build.0 = Release|Any CPU
		{A5B0A27B-184C-42B5-8075-07E4FF91B1F7}.Release|x86.ActiveCfg = Release|Any CPU
		{A5B0A27B-184C-42B5-8075-07E4FF91B1F7}.Release|x86.Build.0 = Release|Any CPU
		{0CD375EF-C269-4867-8DB9-8CBB23F641FA}.Debug|Any CPU.ActiveCfg = Debug|Any CPU
		{0CD375EF-C269-4867-8DB9-8CBB23F641FA}.Debug|Any CPU.Build.0 = Debug|Any CPU
		{0CD375EF-C269-4867-8DB9-8CBB23F641FA}.Debug|x64.ActiveCfg = Debug|Any CPU
		{0CD375EF-C269-4867-8DB9-8CBB23F641FA}.Debug|x64.Build.0 = Debug|Any CPU
		{0CD375EF-C269-4867-8DB9-8CBB23F641FA}.Debug|x86.ActiveCfg = Debug|Any CPU
		{0CD375EF-C269-4867-8DB9-8CBB23F641FA}.Debug|x86.Build.0 = Debug|Any CPU
		{0CD375EF-C269-4867-8DB9-8CBB23F641FA}.Release|Any CPU.ActiveCfg = Release|Any CPU
		{0CD375EF-C269-4867-8DB9-8CBB23F641FA}.Release|Any CPU.Build.0 = Release|Any CPU
		{0CD375EF-C269-4867-8DB9-8CBB23F641FA}.Release|x64.ActiveCfg = Release|Any CPU
		{0CD375EF-C269-4867-8DB9-8CBB23F641FA}.Release|x64.Build.0 = Release|Any CPU
		{0CD375EF-C269-4867-8DB9-8CBB23F641FA}.Release|x86.ActiveCfg = Release|Any CPU
		{0CD375EF-C269-4867-8DB9-8CBB23F641FA}.Release|x86.Build.0 = Release|Any CPU
		{E2900C42-D20C-440A-92BE-37FB2133276A}.Debug|Any CPU.ActiveCfg = Debug|Any CPU
		{E2900C42-D20C-440A-92BE-37FB2133276A}.Debug|Any CPU.Build.0 = Debug|Any CPU
		{E2900C42-D20C-440A-92BE-37FB2133276A}.Debug|x64.ActiveCfg = Debug|Any CPU
		{E2900C42-D20C-440A-92BE-37FB2133276A}.Debug|x64.Build.0 = Debug|Any CPU
		{E2900C42-D20C-440A-92BE-37FB2133276A}.Debug|x86.ActiveCfg = Debug|Any CPU
		{E2900C42-D20C-440A-92BE-37FB2133276A}.Debug|x86.Build.0 = Debug|Any CPU
		{E2900C42-D20C-440A-92BE-37FB2133276A}.Release|Any CPU.ActiveCfg = Release|Any CPU
		{E2900C42-D20C-440A-92BE-37FB2133276A}.Release|Any CPU.Build.0 = Release|Any CPU
		{E2900C42-D20C-440A-92BE-37FB2133276A}.Release|x64.ActiveCfg = Release|Any CPU
		{E2900C42-D20C-440A-92BE-37FB2133276A}.Release|x64.Build.0 = Release|Any CPU
		{E2900C42-D20C-440A-92BE-37FB2133276A}.Release|x86.ActiveCfg = Release|Any CPU
		{E2900C42-D20C-440A-92BE-37FB2133276A}.Release|x86.Build.0 = Release|Any CPU
		{79F50E09-4BF4-43E0-868A-24E9468662E4}.Debug|Any CPU.ActiveCfg = Debug|Any CPU
		{79F50E09-4BF4-43E0-868A-24E9468662E4}.Debug|Any CPU.Build.0 = Debug|Any CPU
		{79F50E09-4BF4-43E0-868A-24E9468662E4}.Debug|x64.ActiveCfg = Debug|Any CPU
		{79F50E09-4BF4-43E0-868A-24E9468662E4}.Debug|x64.Build.0 = Debug|Any CPU
		{79F50E09-4BF4-43E0-868A-24E9468662E4}.Debug|x86.ActiveCfg = Debug|Any CPU
		{79F50E09-4BF4-43E0-868A-24E9468662E4}.Debug|x86.Build.0 = Debug|Any CPU
		{79F50E09-4BF4-43E0-868A-24E9468662E4}.Release|Any CPU.ActiveCfg = Release|Any CPU
		{79F50E09-4BF4-43E0-868A-24E9468662E4}.Release|Any CPU.Build.0 = Release|Any CPU
		{79F50E09-4BF4-43E0-868A-24E9468662E4}.Release|x64.ActiveCfg = Release|Any CPU
		{79F50E09-4BF4-43E0-868A-24E9468662E4}.Release|x64.Build.0 = Release|Any CPU
		{79F50E09-4BF4-43E0-868A-24E9468662E4}.Release|x86.ActiveCfg = Release|Any CPU
		{79F50E09-4BF4-43E0-868A-24E9468662E4}.Release|x86.Build.0 = Release|Any CPU
		{BFF4E12D-D3E2-4397-AC67-CEBAB56599D5}.Debug|Any CPU.ActiveCfg = Debug|Any CPU
		{BFF4E12D-D3E2-4397-AC67-CEBAB56599D5}.Debug|Any CPU.Build.0 = Debug|Any CPU
		{BFF4E12D-D3E2-4397-AC67-CEBAB56599D5}.Debug|x64.ActiveCfg = Debug|Any CPU
		{BFF4E12D-D3E2-4397-AC67-CEBAB56599D5}.Debug|x64.Build.0 = Debug|Any CPU
		{BFF4E12D-D3E2-4397-AC67-CEBAB56599D5}.Debug|x86.ActiveCfg = Debug|Any CPU
		{BFF4E12D-D3E2-4397-AC67-CEBAB56599D5}.Debug|x86.Build.0 = Debug|Any CPU
		{BFF4E12D-D3E2-4397-AC67-CEBAB56599D5}.Release|Any CPU.ActiveCfg = Release|Any CPU
		{BFF4E12D-D3E2-4397-AC67-CEBAB56599D5}.Release|Any CPU.Build.0 = Release|Any CPU
		{BFF4E12D-D3E2-4397-AC67-CEBAB56599D5}.Release|x64.ActiveCfg = Release|Any CPU
		{BFF4E12D-D3E2-4397-AC67-CEBAB56599D5}.Release|x64.Build.0 = Release|Any CPU
		{BFF4E12D-D3E2-4397-AC67-CEBAB56599D5}.Release|x86.ActiveCfg = Release|Any CPU
		{BFF4E12D-D3E2-4397-AC67-CEBAB56599D5}.Release|x86.Build.0 = Release|Any CPU
		{22F4614A-A1DF-48FF-9E6F-90DA86640D77}.Debug|Any CPU.ActiveCfg = Debug|Any CPU
		{22F4614A-A1DF-48FF-9E6F-90DA86640D77}.Debug|Any CPU.Build.0 = Debug|Any CPU
		{22F4614A-A1DF-48FF-9E6F-90DA86640D77}.Debug|x64.ActiveCfg = Debug|Any CPU
		{22F4614A-A1DF-48FF-9E6F-90DA86640D77}.Debug|x64.Build.0 = Debug|Any CPU
		{22F4614A-A1DF-48FF-9E6F-90DA86640D77}.Debug|x86.ActiveCfg = Debug|Any CPU
		{22F4614A-A1DF-48FF-9E6F-90DA86640D77}.Debug|x86.Build.0 = Debug|Any CPU
		{22F4614A-A1DF-48FF-9E6F-90DA86640D77}.Release|Any CPU.ActiveCfg = Release|Any CPU
		{22F4614A-A1DF-48FF-9E6F-90DA86640D77}.Release|Any CPU.Build.0 = Release|Any CPU
		{22F4614A-A1DF-48FF-9E6F-90DA86640D77}.Release|x64.ActiveCfg = Release|Any CPU
		{22F4614A-A1DF-48FF-9E6F-90DA86640D77}.Release|x64.Build.0 = Release|Any CPU
		{22F4614A-A1DF-48FF-9E6F-90DA86640D77}.Release|x86.ActiveCfg = Release|Any CPU
		{22F4614A-A1DF-48FF-9E6F-90DA86640D77}.Release|x86.Build.0 = Release|Any CPU
	EndGlobalSection
	GlobalSection(SolutionProperties) = preSolution
		HideSolutionNode = FALSE
	EndGlobalSection
	GlobalSection(NestedProjects) = preSolution
		{FBF625D5-86F6-475A-B270-945889C68796} = {827E0CD3-B72D-47B6-A68D-7590B98EB39B}
		{A5B0A27B-184C-42B5-8075-07E4FF91B1F7} = {827E0CD3-B72D-47B6-A68D-7590B98EB39B}
		{0CD375EF-C269-4867-8DB9-8CBB23F641FA} = {827E0CD3-B72D-47B6-A68D-7590B98EB39B}
		{E2900C42-D20C-440A-92BE-37FB2133276A} = {827E0CD3-B72D-47B6-A68D-7590B98EB39B}
		{79F50E09-4BF4-43E0-868A-24E9468662E4} = {0AB3BF05-4346-4AA6-1389-037BE0695223}
		{BFF4E12D-D3E2-4397-AC67-CEBAB56599D5} = {0AB3BF05-4346-4AA6-1389-037BE0695223}
		{22F4614A-A1DF-48FF-9E6F-90DA86640D77} = {0AB3BF05-4346-4AA6-1389-037BE0695223}
	EndGlobalSection
EndGlobal
